
Microsoft Visual Studio Solution File, Format Version 12.00
# Visual Studio Version 17
VisualStudioVersion = 17.4.33110.190
MinimumVisualStudioVersion = 10.0.40219.1
Project("{FAE04EC0-301F-11D3-BF4B-00C04F79EFBC}") = "IsolatedReview.Functions", "IsolatedReview.Functions\IsolatedReview.Functions.csproj", "{0A192E51-C802-42EB-94B2-24470280DFAE}"
EndProject
Project("{FAE04EC0-301F-11D3-BF4B-00C04F79EFBC}") = "IsolatedReview.Domain", "IsolatedReview.Domain\IsolatedReview.Domain.csproj", "{71671123-9F78-4646-816B-F0E6731D950C}"
EndProject
Global
	GlobalSection(SolutionConfigurationPlatforms) = preSolution
		Debug|Any CPU = Debug|Any CPU
		Release|Any CPU = Release|Any CPU
	EndGlobalSection
	GlobalSection(ProjectConfigurationPlatforms) = postSolution
		{0A192E51-C802-42EB-94B2-24470280DFAE}.Debug|Any CPU.ActiveCfg = Debug|Any CPU
		{0A192E51-C802-42EB-94B2-24470280DFAE}.Debug|Any CPU.Build.0 = Debug|Any CPU
		{0A192E51-C802-42EB-94B2-24470280DFAE}.Release|Any CPU.ActiveCfg = Release|Any CPU
		{0A192E51-C802-42EB-94B2-24470280DFAE}.Release|Any CPU.Build.0 = Release|Any CPU
		{71671123-9F78-4646-816B-F0E6731D950C}.Debug|Any CPU.ActiveCfg = Debug|Any CPU
		{71671123-9F78-4646-816B-F0E6731D950C}.Debug|Any CPU.Build.0 = Debug|Any CPU
		{71671123-9F78-4646-816B-F0E6731D950C}.Release|Any CPU.ActiveCfg = Release|Any CPU
		{71671123-9F78-4646-816B-F0E6731D950C}.Release|Any CPU.Build.0 = Release|Any CPU
	EndGlobalSection
	GlobalSection(SolutionProperties) = preSolution
		HideSolutionNode = FALSE
	EndGlobalSection
	GlobalSection(ExtensibilityGlobals) = postSolution
		SolutionGuid = {587F5A63-A50C-4371-929F-C899B07E4EC0}
	EndGlobalSection
EndGlobal
